
Microsoft Visual Studio Solution File, Format Version 12.00
# Visual Studio Version 17
VisualStudioVersion = 17.8.34330.188
MinimumVisualStudioVersion = 10.0.40219.1
Project("{FAE04EC0-301F-11D3-BF4B-00C04F79EFBC}") = "ExoTDD01.Bibliotheque", "ExoTDD01.Bibliotheque\ExoTDD01.Bibliotheque.csproj", "{38A837B7-0F80-4A40-A186-C344EAC63B8A}"
EndProject
Project("{FAE04EC0-301F-11D3-BF4B-00C04F79EFBC}") = "ExoTDD01.Tests", "ExoTDD01.Tests\ExoTDD01.Tests.csproj", "{FBF75FF6-C93B-4FC6-AF99-0F92065DE686}"
EndProject
Global
	GlobalSection(SolutionConfigurationPlatforms) = preSolution
		Debug|Any CPU = Debug|Any CPU
		Release|Any CPU = Release|Any CPU
	EndGlobalSection
	GlobalSection(ProjectConfigurationPlatforms) = postSolution
		{38A837B7-0F80-4A40-A186-C344EAC63B8A}.Debug|Any CPU.ActiveCfg = Debug|Any CPU
		{38A837B7-0F80-4A40-A186-C344EAC63B8A}.Debug|Any CPU.Build.0 = Debug|Any CPU
		{38A837B7-0F80-4A40-A186-C344EAC63B8A}.Release|Any CPU.ActiveCfg = Release|Any CPU
		{38A837B7-0F80-4A40-A186-C344EAC63B8A}.Release|Any CPU.Build.0 = Release|Any CPU
		{FBF75FF6-C93B-4FC6-AF99-0F92065DE686}.Debug|Any CPU.ActiveCfg = Debug|Any CPU
		{FBF75FF6-C93B-4FC6-AF99-0F92065DE686}.Debug|Any CPU.Build.0 = Debug|Any CPU
		{FBF75FF6-C93B-4FC6-AF99-0F92065DE686}.Release|Any CPU.ActiveCfg = Release|Any CPU
		{FBF75FF6-C93B-4FC6-AF99-0F92065DE686}.Release|Any CPU.Build.0 = Release|Any CPU
	EndGlobalSection
	GlobalSection(SolutionProperties) = preSolution
		HideSolutionNode = FALSE
	EndGlobalSection
	GlobalSection(ExtensibilityGlobals) = postSolution
		SolutionGuid = {473EC658-FF00-47DF-9711-AC0CD525591B}
	EndGlobalSection
EndGlobal
